
Microsoft Visual Studio Solution File, Format Version 12.00
# Visual Studio Version 17
VisualStudioVersion = 17.9.34701.34
MinimumVisualStudioVersion = 10.0.40219.1
Project("{8BC9CEB8-8B4A-11D0-8D11-00A0C91BC942}") = "KenanDLP", "KenanDLP\KenanDLP.vcxproj", "{623B5AD8-EA76-494D-B947-B984686E6A45}"
	ProjectSection(ProjectDependencies) = postProject
		{07E9184B-47DA-4C71-BE04-F0C9245BE0B0} = {07E9184B-47DA-4C71-BE04-F0C9245BE0B0}
		{397390DA-C1CE-44AF-8928-0A5A2CEBD50A} = {397390DA-C1CE-44AF-8928-0A5A2CEBD50A}
		{3A9ECCEE-C26F-44DD-9462-EAA3E30D9BBA} = {3A9ECCEE-C26F-44DD-9462-EAA3E30D9BBA}
		{40B5B3DA-293D-451D-8455-F92FEE765582} = {40B5B3DA-293D-451D-8455-F92FEE765582}
		{44A517E6-328F-464B-AC31-2856145C38A5} = {44A517E6-328F-464B-AC31-2856145C38A5}
		{56DAD31B-F845-452D-8517-4CB104EE9F14} = {56DAD31B-F845-452D-8517-4CB104EE9F14}
		{5E2BC230-49C6-4748-896C-3FD9D28F897E} = {5E2BC230-49C6-4748-896C-3FD9D28F897E}
		{7105AE0B-0802-41CC-93E3-DEF91C01BFDD} = {7105AE0B-0802-41CC-93E3-DEF91C01BFDD}
		{72AE4D92-F263-4434-AF09-3D5A999C53DB} = {72AE4D92-F263-4434-AF09-3D5A999C53DB}
		{72E96DBB-AC3F-4799-8068-259892CEECCD} = {72E96DBB-AC3F-4799-8068-259892CEECCD}
		{8D884CE0-567F-4156-98D0-216D548708A2} = {8D884CE0-567F-4156-98D0-216D548708A2}
	EndProjectSection
EndProject
Project("{8BC9CEB8-8B4A-11D0-8D11-00A0C91BC942}") = "KenanAgent", "KenanAgent\KenanAgent.vcxproj", "{40B5B3DA-293D-451D-8455-F92FEE765582}"
EndProject
Project("{2150E333-8FDC-42A3-9474-1A3956D46DE8}") = "DLP", "DLP", "{6909551F-758D-4FFE-BCC4-39CB69A8A664}"
EndProject
Project("{2150E333-8FDC-42A3-9474-1A3956D46DE8}") = "TEST", "TEST", "{099E40C7-7253-42FB-8584-227AC42FCA86}"
EndProject
Project("{8BC9CEB8-8B4A-11D0-8D11-00A0C91BC942}") = "KenanDlpTest", "KenanDlpTest\KenanDlpTest.vcxproj", "{72AE4D92-F263-4434-AF09-3D5A999C53DB}"
EndProject
Project("{2150E333-8FDC-42A3-9474-1A3956D46DE8}") = "DISK", "DISK", "{CCCFBC6A-44A6-40CD-8FC1-FC8A1D78962F}"
EndProject
Project("{8BC9CEB8-8B4A-11D0-8D11-00A0C91BC942}") = "KenanDiskMgr", "KenanDiskMgr\KenanDiskMgr.vcxproj", "{72E96DBB-AC3F-4799-8068-259892CEECCD}"
EndProject
Project("{8BC9CEB8-8B4A-11D0-8D11-00A0C91BC942}") = "KenanVDMgr", "KenanVDMgr\KenanVDMgr.vcxproj", "{397390DA-C1CE-44AF-8928-0A5A2CEBD50A}"
EndProject
Project("{8BC9CEB8-8B4A-11D0-8D11-00A0C91BC942}") = "KenanTestClp", "KenanTestClp\KenanTestClp.vcxproj", "{56DAD31B-F845-452D-8517-4CB104EE9F14}"
EndProject
Project("{8BC9CEB8-8B4A-11D0-8D11-00A0C91BC942}") = "KenanGlobalHookTest", "KenanGlobalHookTest\KenanGlobalHookTest.vcxproj", "{3A9ECCEE-C26F-44DD-9462-EAA3E30D9BBA}"
EndProject
Project("{8BC9CEB8-8B4A-11D0-8D11-00A0C91BC942}") = "KenanSecuSvc", "KenanSecuSvc\KenanSecuSvc.vcxproj", "{07E9184B-47DA-4C71-BE04-F0C9245BE0B0}"
EndProject
Project("{8BC9CEB8-8B4A-11D0-8D11-00A0C91BC942}") = "KenanTestFilemap", "KenanTestFilemap\KenanTestFilemap.vcxproj", "{8D884CE0-567F-4156-98D0-216D548708A2}"
EndProject
Project("{8BC9CEB8-8B4A-11D0-8D11-00A0C91BC942}") = "KenanClp", "KenanClp\KenanClp.vcxproj", "{44A517E6-328F-464B-AC31-2856145C38A5}"
EndProject
Project("{8BC9CEB8-8B4A-11D0-8D11-00A0C91BC942}") = "KenanSecu", "KenanSecu\KenanSecu.vcxproj", "{5E2BC230-49C6-4748-896C-3FD9D28F897E}"
EndProject
Project("{8BC9CEB8-8B4A-11D0-8D11-00A0C91BC942}") = "KenanLauncherV1", "KenanLauncherV1\KenanLauncherV1.vcxproj", "{7105AE0B-0802-41CC-93E3-DEF91C01BFDD}"
	ProjectSection(ProjectDependencies) = postProject
		{07E9184B-47DA-4C71-BE04-F0C9245BE0B0} = {07E9184B-47DA-4C71-BE04-F0C9245BE0B0}
		{397390DA-C1CE-44AF-8928-0A5A2CEBD50A} = {397390DA-C1CE-44AF-8928-0A5A2CEBD50A}
		{3A9ECCEE-C26F-44DD-9462-EAA3E30D9BBA} = {3A9ECCEE-C26F-44DD-9462-EAA3E30D9BBA}
		{40B5B3DA-293D-451D-8455-F92FEE765582} = {40B5B3DA-293D-451D-8455-F92FEE765582}
		{44A517E6-328F-464B-AC31-2856145C38A5} = {44A517E6-328F-464B-AC31-2856145C38A5}
		{56DAD31B-F845-452D-8517-4CB104EE9F14} = {56DAD31B-F845-452D-8517-4CB104EE9F14}
		{5E2BC230-49C6-4748-896C-3FD9D28F897E} = {5E2BC230-49C6-4748-896C-3FD9D28F897E}
		{72AE4D92-F263-4434-AF09-3D5A999C53DB} = {72AE4D92-F263-4434-AF09-3D5A999C53DB}
		{72E96DBB-AC3F-4799-8068-259892CEECCD} = {72E96DBB-AC3F-4799-8068-259892CEECCD}
		{8D884CE0-567F-4156-98D0-216D548708A2} = {8D884CE0-567F-4156-98D0-216D548708A2}
	EndProjectSection
EndProject
Project("{8BC9CEB8-8B4A-11D0-8D11-00A0C91BC942}") = "TestGlobalHookExe", "TestGlobalHookExe\TestGlobalHookExe.vcxproj", "{95E977B5-3BA2-4BE5-A46A-E4615883B4CD}"
EndProject
Project("{8BC9CEB8-8B4A-11D0-8D11-00A0C91BC942}") = "TestGlobalHookDLL", "TestGlobalHookDLL\TestGlobalHookDLL.vcxproj", "{23CB4936-2EF7-4B99-8A5E-CDA6B51D01D8}"
EndProject
Project("{8BC9CEB8-8B4A-11D0-8D11-00A0C91BC942}") = "TestAgent", "TestAgent\TestAgent.vcxproj", "{151EEC7A-2C37-499F-AC8D-7D8D8517B1A3}"
EndProject
Global
	GlobalSection(SolutionConfigurationPlatforms) = preSolution
		Debug|x64 = Debug|x64
		Debug|x86 = Debug|x86
		Release|x64 = Release|x64
		Release|x86 = Release|x86
	EndGlobalSection
	GlobalSection(ProjectConfigurationPlatforms) = postSolution
		{623B5AD8-EA76-494D-B947-B984686E6A45}.Debug|x64.ActiveCfg = Debug|x64
		{623B5AD8-EA76-494D-B947-B984686E6A45}.Debug|x64.Build.0 = Debug|x64
		{623B5AD8-EA76-494D-B947-B984686E6A45}.Debug|x86.ActiveCfg = Debug|Win32
		{623B5AD8-EA76-494D-B947-B984686E6A45}.Debug|x86.Build.0 = Debug|Win32
		{623B5AD8-EA76-494D-B947-B984686E6A45}.Release|x64.ActiveCfg = Release|x64
		{623B5AD8-EA76-494D-B947-B984686E6A45}.Release|x64.Build.0 = Release|x64
		{623B5AD8-EA76-494D-B947-B984686E6A45}.Release|x86.ActiveCfg = Release|Win32
		{623B5AD8-EA76-494D-B947-B984686E6A45}.Release|x86.Build.0 = Release|Win32
		{40B5B3DA-293D-451D-8455-F92FEE765582}.Debug|x64.ActiveCfg = Debug|x64
		{40B5B3DA-293D-451D-8455-F92FEE765582}.Debug|x64.Build.0 = Debug|x64
		{40B5B3DA-293D-451D-8455-F92FEE765582}.Debug|x86.ActiveCfg = Debug|Win32
		{40B5B3DA-293D-451D-8455-F92FEE765582}.Debug|x86.Build.0 = Debug|Win32
		{40B5B3DA-293D-451D-8455-F92FEE765582}.Release|x64.ActiveCfg = Release|x64
		{40B5B3DA-293D-451D-8455-F92FEE765582}.Release|x64.Build.0 = Release|x64
		{40B5B3DA-293D-451D-8455-F92FEE765582}.Release|x86.ActiveCfg = Release|Win32
		{40B5B3DA-293D-451D-8455-F92FEE765582}.Release|x86.Build.0 = Release|Win32
		{72AE4D92-F263-4434-AF09-3D5A999C53DB}.Debug|x64.ActiveCfg = Debug|x64
		{72AE4D92-F263-4434-AF09-3D5A999C53DB}.Debug|x64.Build.0 = Debug|x64
		{72AE4D92-F263-4434-AF09-3D5A999C53DB}.Debug|x86.ActiveCfg = Debug|Win32
		{72AE4D92-F263-4434-AF09-3D5A999C53DB}.Debug|x86.Build.0 = Debug|Win32
		{72AE4D92-F263-4434-AF09-3D5A999C53DB}.Release|x64.ActiveCfg = Release|x64
		{72AE4D92-F263-4434-AF09-3D5A999C53DB}.Release|x64.Build.0 = Release|x64
		{72AE4D92-F263-4434-AF09-3D5A999C53DB}.Release|x86.ActiveCfg = Release|Win32
		{72AE4D92-F263-4434-AF09-3D5A999C53DB}.Release|x86.Build.0 = Release|Win32
		{72E96DBB-AC3F-4799-8068-259892CEECCD}.Debug|x64.ActiveCfg = Debug|x64
		{72E96DBB-AC3F-4799-8068-259892CEECCD}.Debug|x64.Build.0 = Debug|x64
		{72E96DBB-AC3F-4799-8068-259892CEECCD}.Debug|x86.ActiveCfg = Debug|Win32
		{72E96DBB-AC3F-4799-8068-259892CEECCD}.Debug|x86.Build.0 = Debug|Win32
		{72E96DBB-AC3F-4799-8068-259892CEECCD}.Release|x64.ActiveCfg = Release|x64
		{72E96DBB-AC3F-4799-8068-259892CEECCD}.Release|x64.Build.0 = Release|x64
		{72E96DBB-AC3F-4799-8068-259892CEECCD}.Release|x86.ActiveCfg = Release|Win32
		{72E96DBB-AC3F-4799-8068-259892CEECCD}.Release|x86.Build.0 = Release|Win32
		{397390DA-C1CE-44AF-8928-0A5A2CEBD50A}.Debug|x64.ActiveCfg = Debug|x64
		{397390DA-C1CE-44AF-8928-0A5A2CEBD50A}.Debug|x64.Build.0 = Debug|x64
		{397390DA-C1CE-44AF-8928-0A5A2CEBD50A}.Debug|x86.ActiveCfg = Debug|Win32
		{397390DA-C1CE-44AF-8928-0A5A2CEBD50A}.Debug|x86.Build.0 = Debug|Win32
		{397390DA-C1CE-44AF-8928-0A5A2CEBD50A}.Release|x64.ActiveCfg = Release|x64
		{397390DA-C1CE-44AF-8928-0A5A2CEBD50A}.Release|x64.Build.0 = Release|x64
		{397390DA-C1CE-44AF-8928-0A5A2CEBD50A}.Release|x86.ActiveCfg = Release|Win32
		{397390DA-C1CE-44AF-8928-0A5A2CEBD50A}.Release|x86.Build.0 = Release|Win32
		{56DAD31B-F845-452D-8517-4CB104EE9F14}.Debug|x64.ActiveCfg = Debug|x64
		{56DAD31B-F845-452D-8517-4CB104EE9F14}.Debug|x64.Build.0 = Debug|x64
		{56DAD31B-F845-452D-8517-4CB104EE9F14}.Debug|x86.ActiveCfg = Debug|Win32
		{56DAD31B-F845-452D-8517-4CB104EE9F14}.Debug|x86.Build.0 = Debug|Win32
		{56DAD31B-F845-452D-8517-4CB104EE9F14}.Release|x64.ActiveCfg = Release|x64
		{56DAD31B-F845-452D-8517-4CB104EE9F14}.Release|x64.Build.0 = Release|x64
		{56DAD31B-F845-452D-8517-4CB104EE9F14}.Release|x86.ActiveCfg = Release|Win32
		{56DAD31B-F845-452D-8517-4CB104EE9F14}.Release|x86.Build.0 = Release|Win32
		{3A9ECCEE-C26F-44DD-9462-EAA3E30D9BBA}.Debug|x64.ActiveCfg = Debug|x64
		{3A9ECCEE-C26F-44DD-9462-EAA3E30D9BBA}.Debug|x64.Build.0 = Debug|x64
		{3A9ECCEE-C26F-44DD-9462-EAA3E30D9BBA}.Debug|x86.ActiveCfg = Debug|Win32
		{3A9ECCEE-C26F-44DD-9462-EAA3E30D9BBA}.Debug|x86.Build.0 = Debug|Win32
		{3A9ECCEE-C26F-44DD-9462-EAA3E30D9BBA}.Release|x64.ActiveCfg = Release|x64
		{3A9ECCEE-C26F-44DD-9462-EAA3E30D9BBA}.Release|x64.Build.0 = Release|x64
		{3A9ECCEE-C26F-44DD-9462-EAA3E30D9BBA}.Release|x86.ActiveCfg = Release|Win32
		{3A9ECCEE-C26F-44DD-9462-EAA3E30D9BBA}.Release|x86.Build.0 = Release|Win32
		{07E9184B-47DA-4C71-BE04-F0C9245BE0B0}.Debug|x64.ActiveCfg = Debug|x64
		{07E9184B-47DA-4C71-BE04-F0C9245BE0B0}.Debug|x64.Build.0 = Debug|x64
		{07E9184B-47DA-4C71-BE04-F0C9245BE0B0}.Debug|x86.ActiveCfg = Debug|Win32
		{07E9184B-47DA-4C71-BE04-F0C9245BE0B0}.Debug|x86.Build.0 = Debug|Win32
		{07E9184B-47DA-4C71-BE04-F0C9245BE0B0}.Release|x64.ActiveCfg = Release|x64
		{07E9184B-47DA-4C71-BE04-F0C9245BE0B0}.Release|x64.Build.0 = Release|x64
		{07E9184B-47DA-4C71-BE04-F0C9245BE0B0}.Release|x86.ActiveCfg = Release|Win32
		{07E9184B-47DA-4C71-BE04-F0C9245BE0B0}.Release|x86.Build.0 = Release|Win32
		{8D884CE0-567F-4156-98D0-216D548708A2}.Debug|x64.ActiveCfg = Debug|x64
		{8D884CE0-567F-4156-98D0-216D548708A2}.Debug|x64.Build.0 = Debug|x64
		{8D884CE0-567F-4156-98D0-216D548708A2}.Debug|x86.ActiveCfg = Debug|Win32
		{8D884CE0-567F-4156-98D0-216D548708A2}.Debug|x86.Build.0 = Debug|Win32
		{8D884CE0-567F-4156-98D0-216D548708A2}.Release|x64.ActiveCfg = Release|x64
		{8D884CE0-567F-4156-98D0-216D548708A2}.Release|x64.Build.0 = Release|x64
		{8D884CE0-567F-4156-98D0-216D548708A2}.Release|x86.ActiveCfg = Release|Win32
		{8D884CE0-567F-4156-98D0-216D548708A2}.Release|x86.Build.0 = Release|Win32
		{44A517E6-328F-464B-AC31-2856145C38A5}.Debug|x64.ActiveCfg = Debug|x64
		{44A517E6-328F-464B-AC31-2856145C38A5}.Debug|x64.Build.0 = Debug|x64
		{44A517E6-328F-464B-AC31-2856145C38A5}.Debug|x86.ActiveCfg = Debug|Win32
		{44A517E6-328F-464B-AC31-2856145C38A5}.Debug|x86.Build.0 = Debug|Win32
		{44A517E6-328F-464B-AC31-2856145C38A5}.Release|x64.ActiveCfg = Release|x64
		{44A517E6-328F-464B-AC31-2856145C38A5}.Release|x64.Build.0 = Release|x64
		{44A517E6-328F-464B-AC31-2856145C38A5}.Release|x86.ActiveCfg = Release|Win32
		{44A517E6-328F-464B-AC31-2856145C38A5}.Release|x86.Build.0 = Release|Win32
		{5E2BC230-49C6-4748-896C-3FD9D28F897E}.Debug|x64.ActiveCfg = Debug|x64
		{5E2BC230-49C6-4748-896C-3FD9D28F897E}.Debug|x64.Build.0 = Debug|x64
		{5E2BC230-49C6-4748-896C-3FD9D28F897E}.Debug|x86.ActiveCfg = Debug|Win32
		{5E2BC230-49C6-4748-896C-3FD9D28F897E}.Debug|x86.Build.0 = Debug|Win32
		{5E2BC230-49C6-4748-896C-3FD9D28F897E}.Release|x64.ActiveCfg = Release|x64
		{5E2BC230-49C6-4748-896C-3FD9D28F897E}.Release|x64.Build.0 = Release|x64
		{5E2BC230-49C6-4748-896C-3FD9D28F897E}.Release|x86.ActiveCfg = Release|Win32
		{5E2BC230-49C6-4748-896C-3FD9D28F897E}.Release|x86.Build.0 = Release|Win32
		{7105AE0B-0802-41CC-93E3-DEF91C01BFDD}.Debug|x64.ActiveCfg = Debug|x64
		{7105AE0B-0802-41CC-93E3-DEF91C01BFDD}.Debug|x64.Build.0 = Debug|x64
		{7105AE0B-0802-41CC-93E3-DEF91C01BFDD}.Debug|x86.ActiveCfg = Debug|Win32
		{7105AE0B-0802-41CC-93E3-DEF91C01BFDD}.Debug|x86.Build.0 = Debug|Win32
		{7105AE0B-0802-41CC-93E3-DEF91C01BFDD}.Release|x64.ActiveCfg = Release|x64
		{7105AE0B-0802-41CC-93E3-DEF91C01BFDD}.Release|x64.Build.0 = Release|x64
		{7105AE0B-0802-41CC-93E3-DEF91C01BFDD}.Release|x86.ActiveCfg = Release|Win32
		{7105AE0B-0802-41CC-93E3-DEF91C01BFDD}.Release|x86.Build.0 = Release|Win32
		{95E977B5-3BA2-4BE5-A46A-E4615883B4CD}.Debug|x64.ActiveCfg = Debug|x64
		{95E977B5-3BA2-4BE5-A46A-E4615883B4CD}.Debug|x64.Build.0 = Debug|x64
		{95E977B5-3BA2-4BE5-A46A-E4615883B4CD}.Debug|x86.ActiveCfg = Debug|Win32
		{95E977B5-3BA2-4BE5-A46A-E4615883B4CD}.Debug|x86.Build.0 = Debug|Win32
		{95E977B5-3BA2-4BE5-A46A-E4615883B4CD}.Release|x64.ActiveCfg = Release|x64
		{95E977B5-3BA2-4BE5-A46A-E4615883B4CD}.Release|x64.Build.0 = Release|x64
		{95E977B5-3BA2-4BE5-A46A-E4615883B4CD}.Release|x86.ActiveCfg = Release|Win32
		{95E977B5-3BA2-4BE5-A46A-E4615883B4CD}.Release|x86.Build.0 = Release|Win32
		{23CB4936-2EF7-4B99-8A5E-CDA6B51D01D8}.Debug|x64.ActiveCfg = Debug|x64
		{23CB4936-2EF7-4B99-8A5E-CDA6B51D01D8}.Debug|x64.Build.0 = Debug|x64
		{23CB4936-2EF7-4B99-8A5E-CDA6B51D01D8}.Debug|x86.ActiveCfg = Debug|Win32
		{23CB4936-2EF7-4B99-8A5E-CDA6B51D01D8}.Debug|x86.Build.0 = Debug|Win32
		{23CB4936-2EF7-4B99-8A5E-CDA6B51D01D8}.Release|x64.ActiveCfg = Release|x64
		{23CB4936-2EF7-4B99-8A5E-CDA6B51D01D8}.Release|x64.Build.0 = Release|x64
		{23CB4936-2EF7-4B99-8A5E-CDA6B51D01D8}.Release|x86.ActiveCfg = Release|Win32
		{23CB4936-2EF7-4B99-8A5E-CDA6B51D01D8}.Release|x86.Build.0 = Release|Win32
		{151EEC7A-2C37-499F-AC8D-7D8D8517B1A3}.Debug|x64.ActiveCfg = Debug|x64
		{151EEC7A-2C37-499F-AC8D-7D8D8517B1A3}.Debug|x64.Build.0 = Debug|x64
		{151EEC7A-2C37-499F-AC8D-7D8D8517B1A3}.Debug|x86.ActiveCfg = Debug|Win32
		{151EEC7A-2C37-499F-AC8D-7D8D8517B1A3}.Debug|x86.Build.0 = Debug|Win32
		{151EEC7A-2C37-499F-AC8D-7D8D8517B1A3}.Release|x64.ActiveCfg = Release|x64
		{151EEC7A-2C37-499F-AC8D-7D8D8517B1A3}.Release|x64.Build.0 = Release|x64
		{151EEC7A-2C37-499F-AC8D-7D8D8517B1A3}.Release|x86.ActiveCfg = Release|Win32
		{151EEC7A-2C37-499F-AC8D-7D8D8517B1A3}.Release|x86.Build.0 = Release|Win32
	EndGlobalSection
	GlobalSection(SolutionProperties) = preSolution
		HideSolutionNode = FALSE
	EndGlobalSection
	GlobalSection(NestedProjects) = preSolution
		{40B5B3DA-293D-451D-8455-F92FEE765582} = {6909551F-758D-4FFE-BCC4-39CB69A8A664}
		{72AE4D92-F263-4434-AF09-3D5A999C53DB} = {099E40C7-7253-42FB-8584-227AC42FCA86}
		{72E96DBB-AC3F-4799-8068-259892CEECCD} = {CCCFBC6A-44A6-40CD-8FC1-FC8A1D78962F}
		{397390DA-C1CE-44AF-8928-0A5A2CEBD50A} = {CCCFBC6A-44A6-40CD-8FC1-FC8A1D78962F}
		{56DAD31B-F845-452D-8517-4CB104EE9F14} = {099E40C7-7253-42FB-8584-227AC42FCA86}
		{3A9ECCEE-C26F-44DD-9462-EAA3E30D9BBA} = {099E40C7-7253-42FB-8584-227AC42FCA86}
		{07E9184B-47DA-4C71-BE04-F0C9245BE0B0} = {6909551F-758D-4FFE-BCC4-39CB69A8A664}
		{8D884CE0-567F-4156-98D0-216D548708A2} = {099E40C7-7253-42FB-8584-227AC42FCA86}
		{44A517E6-328F-464B-AC31-2856145C38A5} = {6909551F-758D-4FFE-BCC4-39CB69A8A664}
		{5E2BC230-49C6-4748-896C-3FD9D28F897E} = {6909551F-758D-4FFE-BCC4-39CB69A8A664}
		{7105AE0B-0802-41CC-93E3-DEF91C01BFDD} = {6909551F-758D-4FFE-BCC4-39CB69A8A664}
		{95E977B5-3BA2-4BE5-A46A-E4615883B4CD} = {099E40C7-7253-42FB-8584-227AC42FCA86}
		{23CB4936-2EF7-4B99-8A5E-CDA6B51D01D8} = {099E40C7-7253-42FB-8584-227AC42FCA86}
		{151EEC7A-2C37-499F-AC8D-7D8D8517B1A3} = {099E40C7-7253-42FB-8584-227AC42FCA86}
	EndGlobalSection
	GlobalSection(ExtensibilityGlobals) = postSolution
		SolutionGuid = {7B2F5492-03CA-47E2-848C-B2B018691650}
	EndGlobalSection
EndGlobal
