<?xml version="1.0" encoding="utf-8"?>
<Project ToolsVersion="4.0" xmlns="http://schemas.microsoft.com/developer/msbuild/2003">
  <ItemGroup>
    <Filter Include="Source Files">
      <UniqueIdentifier>{4FC737F1-C7A5-4376-A066-2A32D752A2FF}</UniqueIdentifier>
      <Extensions>cpp;c;cc;cxx;c++;cppm;ixx;def;odl;idl;hpj;bat;asm;asmx</Extensions>
    </Filter>
    <Filter Include="Header Files">
      <UniqueIdentifier>{93995380-89BD-4b04-88EB-625FBE52EBFB}</UniqueIdentifier>
      <Extensions>h;hh;hpp;hxx;h++;hm;inl;inc;ipp;xsd</Extensions>
    </Filter>
    <Filter Include="Resource Files">
      <UniqueIdentifier>{67DA6AB6-F800-4c08-8B7A-83BB121AAD01}</UniqueIdentifier>
      <Extensions>rc;ico;cur;bmp;dlg;rc2;rct;bin;rgs;gif;jpg;jpeg;jpe;resx;tiff;tif;png;wav;mfcribbon-ms</Extensions>
    </Filter>
    <Filter Include="cmn">
      <UniqueIdentifier>{02d074d8-93c1-4333-a716-32cb3bcfc4e7}</UniqueIdentifier>
    </Filter>
    <Filter Include="cmn_ui">
      <UniqueIdentifier>{f8673cd6-e237-4fbe-a0d3-4fc2440b6c7e}</UniqueIdentifier>
    </Filter>
    <Filter Include="cmn_crypto">
      <UniqueIdentifier>{9b3f62f7-17cc-4454-8b7e-9c85fd3de521}</UniqueIdentifier>
    </Filter>
    <Filter Include="cmn_secu">
      <UniqueIdentifier>{6681e37d-4982-40ec-8bef-d45cdd000414}</UniqueIdentifier>
    </Filter>
  </ItemGroup>
  <ItemGroup>
    <ClInclude Include="KenanLauncherV1.h">
      <Filter>Header Files</Filter>
    </ClInclude>
    <ClInclude Include="KenanLauncherV1Dlg.h">
      <Filter>Header Files</Filter>
    </ClInclude>
    <ClInclude Include="framework.h">
      <Filter>Header Files</Filter>
    </ClInclude>
    <ClInclude Include="targetver.h">
      <Filter>Header Files</Filter>
    </ClInclude>
    <ClInclude Include="Resource.h">
      <Filter>Header Files</Filter>
    </ClInclude>
    <ClInclude Include="pch.h">
      <Filter>Header Files</Filter>
    </ClInclude>
    <ClInclude Include="..\cmn\ClaFileMap.h">
      <Filter>cmn</Filter>
    </ClInclude>
    <ClInclude Include="..\cmn\ClaPathMgr.h">
      <Filter>cmn</Filter>
    </ClInclude>
    <ClInclude Include="..\cmn\ClaRegMgr.h">
      <Filter>cmn</Filter>
    </ClInclude>
    <ClInclude Include="..\cmn\ClaSecurityDescriptor.h">
      <Filter>cmn</Filter>
    </ClInclude>
    <ClInclude Include="..\cmn\Global.h">
      <Filter>cmn</Filter>
    </ClInclude>
    <ClInclude Include="..\cmn_ui\ClaListCtrl.h">
      <Filter>cmn_ui</Filter>
    </ClInclude>
    <ClInclude Include="..\cmn_crypto\kncrypto.h">
      <Filter>cmn_crypto</Filter>
    </ClInclude>
    <ClInclude Include="..\cmn_secu\kn_conf.h">
      <Filter>cmn_secu</Filter>
    </ClInclude>
    <ClInclude Include="ClaDlgSetting.h">
      <Filter>Header Files</Filter>
    </ClInclude>
    <ClInclude Include="ClaDlgAppConf.h">
      <Filter>Header Files</Filter>
    </ClInclude>
    <ClInclude Include="..\cmn_secu\KenanClpDll.h">
      <Filter>cmn_secu</Filter>
    </ClInclude>
    <ClInclude Include="..\cmn_secu\KenanSecuDll.h">
      <Filter>cmn_secu</Filter>
    </ClInclude>
    <ClInclude Include="..\cmn_secu\KenanVdDll.h">
      <Filter>cmn_secu</Filter>
    </ClInclude>
    <ClInclude Include="..\cmn_ui\mfcCmn.h">
      <Filter>cmn_ui</Filter>
    </ClInclude>
    <ClInclude Include="..\cmn_secu\KenanDlp.h">
      <Filter>cmn_secu</Filter>
    </ClInclude>
    <ClInclude Include="..\cmn_secu\ClaSecuPolicy.h">
      <Filter>cmn_secu</Filter>
    </ClInclude>
    <ClInclude Include="..\cmn\ClaFileProperty.h">
      <Filter>cmn</Filter>
    </ClInclude>
    <ClInclude Include="..\cmn_secu\ClaLogPolicy.h">
      <Filter>cmn_secu</Filter>
    </ClInclude>
    <ClInclude Include="..\cmn_crypto\SHA256.h">
      <Filter>cmn_crypto</Filter>
    </ClInclude>
    <ClInclude Include="..\cmn_crypto\AES.h">
      <Filter>cmn_crypto</Filter>
    </ClInclude>
    <ClInclude Include="KenanSvc.h">
      <Filter>cmn_secu</Filter>
    </ClInclude>
    <ClInclude Include="..\cmn\ClaProcess.h">
      <Filter>cmn</Filter>
    </ClInclude>
    <ClInclude Include="..\cmn\ClaSvcMgr.h">
      <Filter>cmn</Filter>
    </ClInclude>
    <ClInclude Include="..\cmn_secu\CLaSecuSvc.h">
      <Filter>cmn_secu</Filter>
    </ClInclude>
    <ClInclude Include="..\cmn\ClaMutex.h">
      <Filter>cmn</Filter>
    </ClInclude>
    <ClInclude Include="..\cmn_secu\ClaSecuAgent.h">
      <Filter>cmn_secu</Filter>
    </ClInclude>
  </ItemGroup>
  <ItemGroup>
    <ClCompile Include="KenanLauncherV1.cpp">
      <Filter>Source Files</Filter>
    </ClCompile>
    <ClCompile Include="KenanLauncherV1Dlg.cpp">
      <Filter>Source Files</Filter>
    </ClCompile>
    <ClCompile Include="pch.cpp">
      <Filter>Source Files</Filter>
    </ClCompile>
    <ClCompile Include="..\cmn\ClaFileMap.cpp">
      <Filter>cmn</Filter>
    </ClCompile>
    <ClCompile Include="..\cmn\ClaPathMgr.cpp">
      <Filter>cmn</Filter>
    </ClCompile>
    <ClCompile Include="..\cmn\ClaRegMgr.cpp">
      <Filter>cmn</Filter>
    </ClCompile>
    <ClCompile Include="..\cmn\ClaSecurityDescriptor.cpp">
      <Filter>cmn</Filter>
    </ClCompile>
    <ClCompile Include="..\cmn\Global.cpp">
      <Filter>cmn</Filter>
    </ClCompile>
    <ClCompile Include="..\cmn_ui\ClaListCtrl.cpp">
      <Filter>cmn_ui</Filter>
    </ClCompile>
    <ClCompile Include="..\cmn_crypto\kncrypto.cpp">
      <Filter>cmn_crypto</Filter>
    </ClCompile>
    <ClCompile Include="..\cmn_secu\kn_conf.cpp">
      <Filter>cmn_secu</Filter>
    </ClCompile>
    <ClCompile Include="ClaDlgSetting.cpp">
      <Filter>Source Files</Filter>
    </ClCompile>
    <ClCompile Include="ClaDlgAppConf.cpp">
      <Filter>Source Files</Filter>
    </ClCompile>
    <ClCompile Include="..\cmn_secu\KenanClpDll.cpp">
      <Filter>cmn_secu</Filter>
    </ClCompile>
    <ClCompile Include="..\cmn_secu\KenanSecuDll.cpp">
      <Filter>cmn_secu</Filter>
    </ClCompile>
    <ClCompile Include="..\cmn_secu\KenanVdDll.cpp">
      <Filter>cmn_secu</Filter>
    </ClCompile>
    <ClCompile Include="..\cmn_ui\mfcCmn.cpp">
      <Filter>cmn_ui</Filter>
    </ClCompile>
    <ClCompile Include="..\cmn_secu\KenanDlp.cpp">
      <Filter>cmn_secu</Filter>
    </ClCompile>
    <ClCompile Include="..\cmn_secu\ClaSecuPolicy.cpp">
      <Filter>cmn_secu</Filter>
    </ClCompile>
    <ClCompile Include="..\cmn\ClaFileProperty.cpp">
      <Filter>cmn</Filter>
    </ClCompile>
    <ClCompile Include="..\cmn_secu\ClaLogPolicy.cpp">
      <Filter>cmn_secu</Filter>
    </ClCompile>
    <ClCompile Include="..\cmn_crypto\SHA256.cpp">
      <Filter>cmn_crypto</Filter>
    </ClCompile>
    <ClCompile Include="..\cmn_crypto\AES.cpp">
      <Filter>cmn_crypto</Filter>
    </ClCompile>
    <ClCompile Include="KenanSvc.cpp">
      <Filter>cmn_secu</Filter>
    </ClCompile>
    <ClCompile Include="..\cmn\ClaProcess.cpp">
      <Filter>cmn</Filter>
    </ClCompile>
    <ClCompile Include="..\cmn\ClaSvcMgr.cpp">
      <Filter>cmn</Filter>
    </ClCompile>
    <ClCompile Include="..\cmn_secu\ClaSecuSvc.cpp">
      <Filter>cmn_secu</Filter>
    </ClCompile>
    <ClCompile Include="..\cmn\ClaMutex.cpp">
      <Filter>cmn</Filter>
    </ClCompile>
    <ClCompile Include="..\cmn_secu\ClaSecuAgent.cpp">
      <Filter>cmn_secu</Filter>
    </ClCompile>
  </ItemGroup>
  <ItemGroup>
    <ResourceCompile Include="KenanLauncherV1.rc">
      <Filter>Resource Files</Filter>
    </ResourceCompile>
  </ItemGroup>
  <ItemGroup>
    <None Include="res\KenanLauncherV1.rc2">
      <Filter>Resource Files</Filter>
    </None>
  </ItemGroup>
  <ItemGroup>
    <Image Include="res\KenanLauncherV1.ico">
      <Filter>Resource Files</Filter>
    </Image>
    <Image Include="res\block.ico">
      <Filter>Resource Files</Filter>
    </Image>
  </ItemGroup>
</Project>